
Microsoft Visual Studio Solution File, Format Version 12.00
# Visual Studio Version 17
VisualStudioVersion = 17.14.36511.14 d17.14
MinimumVisualStudioVersion = 10.0.40219.1
Project("{FAE04EC0-301F-11D3-BF4B-00C04F79EFBC}") = "Bai04", "Bai04.csproj", "{54B25BC4-2E07-45BA-BBEF-E34AEB4FD625}"
EndProject
Global
	GlobalSection(SolutionConfigurationPlatforms) = preSolution
		Debug|Any CPU = Debug|Any CPU
		Release|Any CPU = Release|Any CPU
	EndGlobalSection
	GlobalSection(ProjectConfigurationPlatforms) = postSolution
		{54B25BC4-2E07-45BA-BBEF-E34AEB4FD625}.Debug|Any CPU.ActiveCfg = Debug|Any CPU
		{54B25BC4-2E07-45BA-BBEF-E34AEB4FD625}.Debug|Any CPU.Build.0 = Debug|Any CPU
		{54B25BC4-2E07-45BA-BBEF-E34AEB4FD625}.Release|Any CPU.ActiveCfg = Release|Any CPU
		{54B25BC4-2E07-45BA-BBEF-E34AEB4FD625}.Release|Any CPU.Build.0 = Release|Any CPU
	EndGlobalSection
	GlobalSection(SolutionProperties) = preSolution
		HideSolutionNode = FALSE
	EndGlobalSection
	GlobalSection(ExtensibilityGlobals) = postSolution
		SolutionGuid = {6BF6CAB4-F6DB-4591-AAC2-EFE29E145E67}
	EndGlobalSection
EndGlobal
