
Microsoft Visual Studio Solution File, Format Version 12.00
# Visual Studio Version 17
VisualStudioVersion = 17.14.36511.14 d17.14
MinimumVisualStudioVersion = 10.0.40219.1
Project("{FAE04EC0-301F-11D3-BF4B-00C04F79EFBC}") = "Bai09", "Bai09.csproj", "{172F3B78-3E9F-4EF4-B405-28427F12FFB9}"
EndProject
Global
	GlobalSection(SolutionConfigurationPlatforms) = preSolution
		Debug|Any CPU = Debug|Any CPU
		Release|Any CPU = Release|Any CPU
	EndGlobalSection
	GlobalSection(ProjectConfigurationPlatforms) = postSolution
		{172F3B78-3E9F-4EF4-B405-28427F12FFB9}.Debug|Any CPU.ActiveCfg = Debug|Any CPU
		{172F3B78-3E9F-4EF4-B405-28427F12FFB9}.Debug|Any CPU.Build.0 = Debug|Any CPU
		{172F3B78-3E9F-4EF4-B405-28427F12FFB9}.Release|Any CPU.ActiveCfg = Release|Any CPU
		{172F3B78-3E9F-4EF4-B405-28427F12FFB9}.Release|Any CPU.Build.0 = Release|Any CPU
	EndGlobalSection
	GlobalSection(SolutionProperties) = preSolution
		HideSolutionNode = FALSE
	EndGlobalSection
	GlobalSection(ExtensibilityGlobals) = postSolution
		SolutionGuid = {A721B8A0-55D8-4BCF-A8AE-6E243D477C36}
	EndGlobalSection
EndGlobal
